{
  "version": 4,
  "terraform_version": "1.2.1",
  "serial": 15,
  "lineage": "58f211e7-dc42-4711-b3ae-6d379b122789",
  "outputs": {},
  "resources": [
    {
      "mode": "managed",
      "type": "bigip_command",
      "name": "disable_dhcp",
      "provider": "provider[\"registry.terraform.io/f5networks/bigip\"]",
      "instances": [
        {
          "schema_version": 0,
          "attributes": {
            "command_result": [
              ""
            ],
            "commands": [
              "modify sys management-dhcp sys-mgmt-dhcp-config request-options delete { domain-name-servers }"
            ],
            "id": "apply",
            "when": "apply"
          },
          "sensitive_attributes": [],
          "private": "bnVsbA=="
        }
      ]
    },
    {
      "mode": "managed",
      "type": "bigip_ltm_monitor",
      "name": "monitors",
      "provider": "provider[\"registry.terraform.io/f5networks/bigip\"]",
      "instances": [
        {
          "index_key": "grv_hc_http_web",
          "schema_version": 0,
          "attributes": {
            "adaptive": "disabled",
            "adaptive_limit": 200,
            "compatibility": "enabled",
            "database": "",
            "destination": "*.*",
            "filename": "",
            "id": "/Common/grv_hc_http_web",
            "interval": 2,
            "ip_dscp": 0,
            "manual_resume": "disabled",
            "mode": "",
            "name": "/Common/grv_hc_http_web",
            "parent": "/Common/http",
            "password": "",
            "receive": "200 OK",
            "receive_disable": "",
            "reverse": "disabled",
            "send": "GET /",
            "ssl_profile": null,
            "time_until_up": 0,
            "timeout": 6,
            "transparent": "disabled",
            "up_interval": 0,
            "username": ""
          },
          "sensitive_attributes": [],
          "private": "bnVsbA=="
        }
      ]
    },
    {
      "mode": "managed",
      "type": "bigip_ltm_node",
      "name": "node",
      "provider": "provider[\"registry.terraform.io/f5networks/bigip\"]",
      "instances": [
        {
          "index_key": "node101",
          "schema_version": 0,
          "attributes": {
            "address": "192.168.17.6",
            "connection_limit": 0,
            "description": "AzuWS101",
            "dynamic_ratio": 1,
            "fqdn": [
              {
                "address_family": "ipv4",
                "autopopulate": "",
                "downinterval": 0,
                "interval": "3000",
                "name": ""
              }
            ],
            "id": "/Common/node101",
            "monitor": "/Common/icmp",
            "name": "/Common/node101",
            "rate_limit": "disabled",
            "ratio": 1,
            "session": "user-enabled",
            "state": null
          },
          "sensitive_attributes": [],
          "private": "bnVsbA=="
        },
        {
          "index_key": "node201",
          "schema_version": 0,
          "attributes": {
            "address": "192.168.17.26",
            "connection_limit": 0,
            "description": "AzuWS201",
            "dynamic_ratio": 1,
            "fqdn": [
              {
                "address_family": "ipv4",
                "autopopulate": "",
                "downinterval": 0,
                "interval": "3000",
                "name": ""
              }
            ],
            "id": "/Common/node201",
            "monitor": "/Common/icmp",
            "name": "/Common/node201",
            "rate_limit": "disabled",
            "ratio": 1,
            "session": "user-enabled",
            "state": null
          },
          "sensitive_attributes": [],
          "private": "bnVsbA=="
        }
      ]
    },
    {
      "mode": "managed",
      "type": "bigip_sys_dns",
      "name": "dns1",
      "provider": "provider[\"registry.terraform.io/f5networks/bigip\"]",
      "instances": [
        {
          "schema_version": 0,
          "attributes": {
            "description": "/Common/DNS1",
            "id": "/Common/DNS1",
            "name_servers": [
              "8.8.8.8"
            ],
            "number_of_dots": 2,
            "search": [
              "lab.corp"
            ]
          },
          "sensitive_attributes": [],
          "private": "bnVsbA=="
        }
      ]
    },
    {
      "mode": "managed",
      "type": "bigip_sys_ntp",
      "name": "ntp1",
      "provider": "provider[\"registry.terraform.io/f5networks/bigip\"]",
      "instances": [
        {
          "schema_version": 0,
          "attributes": {
            "description": "/Common/NTP1",
            "id": "/Common/NTP1",
            "servers": [
              "es.pool.ntp.org"
            ],
            "timezone": "Europe/Madrid"
          },
          "sensitive_attributes": [],
          "private": "bnVsbA=="
        }
      ]
    },
    {
      "module": "module.pools[\"grv_pool_web_nonpro\"]",
      "mode": "managed",
      "type": "bigip_ltm_pool",
      "name": "pool",
      "provider": "provider[\"registry.terraform.io/f5networks/bigip\"]",
      "instances": [
        {
          "status": "tainted",
          "schema_version": 0,
          "attributes": {
            "allow_nat": null,
            "allow_snat": null,
            "description": null,
            "id": "/Common/grv_pool_web_nonpro",
            "load_balancing_mode": "round-robin",
            "minimum_active_members": null,
            "monitors": [
              "/Common/grv_hc_http_esmac"
            ],
            "name": "/Common/grv_pool_web_nonpro",
            "reselect_tries": null,
            "service_down_action": null,
            "slow_ramp_time": null
          },
          "sensitive_attributes": [],
          "private": "bnVsbA==",
          "dependencies": [
            "bigip_ltm_monitor.monitors",
            "bigip_ltm_node.node"
          ]
        }
      ]
    }
  ]
}
